// !$*UTF8*$!
{
	archiveVersion = 1;
	classes = {
	};
	objectVersion = 46;
	objects = {

/* Begin PBXBuildFile section */
		298F300615CC2648002196EA /* UIKit.framework in Frameworks */ = {isa = PBXBuildFile; fileRef = 298F300515CC2648002196EA /* UIKit.framework */; };
		298F300815CC2648002196EA /* Foundation.framework in Frameworks */ = {isa = PBXBuildFile; fileRef = 298F300715CC2648002196EA /* Foundation.framework */; };
		298F300A15CC2648002196EA /* CoreGraphics.framework in Frameworks */ = {isa = PBXBuildFile; fileRef = 298F300915CC2648002196EA /* CoreGraphics.framework */; };
		298F301015CC2648002196EA /* InfoPlist.strings in Resources */ = {isa = PBXBuildFile; fileRef = 298F300E15CC2648002196EA /* InfoPlist.strings */; };
		298F301215CC2648002196EA /* main.m in Sources */ = {isa = PBXBuildFile; fileRef = 298F301115CC2648002196EA /* main.m */; };
		298F301615CC2648002196EA /* AppDelegate.m in Sources */ = {isa = PBXBuildFile; fileRef = 298F301515CC2648002196EA /* AppDelegate.m */; };
		298F301915CC2648002196EA /* MainStoryboard.storyboard in Resources */ = {isa = PBXBuildFile; fileRef = 298F301715CC2648002196EA /* MainStoryboard.storyboard */; };
		298F301C15CC2648002196EA /* ViewController.m in Sources */ = {isa = PBXBuildFile; fileRef = 298F301B15CC2648002196EA /* ViewController.m */; };
/* End PBXBuildFile section */

/* Begin PBXFileReference section */
		298F300115CC2648002196EA /* Catalogue.app */ = {isa = PBXFileReference; explicitFileType = wrapper.application; includeInIndex = 0; path = Catalogue.app; sourceTree = BUILT_PRODUCTS_DIR; };
		298F300515CC2648002196EA /* UIKit.framework */ = {isa = PBXFileReference; lastKnownFileType = wrapper.framework; name = UIKit.framework; path = System/Library/Frameworks/UIKit.framework; sourceTree = SDKROOT; };
		298F300715CC2648002196EA /* Foundation.framework */ = {isa = PBXFileReference; lastKnownFileType = wrapper.framework; name = Foundation.framework; path = System/Library/Frameworks/Foundation.framework; sourceTree = SDKROOT; };
		298F300915CC2648002196EA /* CoreGraphics.framework */ = {isa = PBXFileReference; lastKnownFileType = wrapper.framework; name = CoreGraphics.framework; path = System/Library/Frameworks/CoreGraphics.framework; sourceTree = SDKROOT; };
		298F300D15CC2648002196EA /* Catalogue-Info.plist */ = {isa = PBXFileReference; lastKnownFileType = text.plist.xml; path = "Catalogue-Info.plist"; sourceTree = "<group>"; };
		298F300F15CC2648002196EA /* en */ = {isa = PBXFileReference; lastKnownFileType = text.plist.strings; name = en; path = en.lproj/InfoPlist.strings; sourceTree = "<group>"; };
		298F301115CC2648002196EA /* main.m */ = {isa = PBXFileReference; lastKnownFileType = sourcecode.c.objc; path = main.m; sourceTree = "<group>"; };
		298F301315CC2648002196EA /* Catalogue-Prefix.pch */ = {isa = PBXFileReference; lastKnownFileType = sourcecode.c.h; path = "Catalogue-Prefix.pch"; sourceTree = "<group>"; };
		298F301415CC2648002196EA /* AppDelegate.h */ = {isa = PBXFileReference; lastKnownFileType = sourcecode.c.h; path = AppDelegate.h; sourceTree = "<group>"; };
		298F301515CC2648002196EA /* AppDelegate.m */ = {isa = PBXFileReference; lastKnownFileType = sourcecode.c.objc; path = AppDelegate.m; sourceTree = "<group>"; };
		298F301815CC2648002196EA /* en */ = {isa = PBXFileReference; lastKnownFileType = file.storyboard; name = en; path = en.lproj/MainStoryboard.storyboard; sourceTree = "<group>"; };
		298F301A15CC2648002196EA /* ViewController.h */ = {isa = PBXFileReference; lastKnownFileType = sourcecode.c.h; path = ViewController.h; sourceTree = "<group>"; };
		298F301B15CC2648002196EA /* ViewController.m */ = {isa = PBXFileReference; lastKnownFileType = sourcecode.c.objc; path = ViewController.m; sourceTree = "<group>"; };
/* End PBXFileReference section */

/* Begin PBXFrameworksBuildPhase section */
		298F2FFE15CC2648002196EA /* Frameworks */ = {
			isa = PBXFrameworksBuildPhase;
			buildActionMask = 2147483647;
			files = (
				298F300615CC2648002196EA /* UIKit.framework in Frameworks */,
				298F300815CC2648002196EA /* Foundation.framework in Frameworks */,
				298F300A15CC2648002196EA /* CoreGraphics.framework in Frameworks */,
			);
			runOnlyForDeploymentPostprocessing = 0;
		};
/* End PBXFrameworksBuildPhase section */

/* Begin PBXGroup section */
		298F2FF615CC2648002196EA = {
			isa = PBXGroup;
			children = (
				298F300B15CC2648002196EA /* Catalogue */,
				298F300415CC2648002196EA /* Frameworks */,
				298F300215CC2648002196EA /* Products */,
			);
			sourceTree = "<group>";
		};
		298F300215CC2648002196EA /* Products */ = {
			isa = PBXGroup;
			children = (
				298F300115CC2648002196EA /* Catalogue.app */,
			);
			name = Products;
			sourceTree = "<group>";
		};
		298F300415CC2648002196EA /* Frameworks */ = {
			isa = PBXGroup;
			children = (
				298F300515CC2648002196EA /* UIKit.framework */,
				298F300715CC2648002196EA /* Foundation.framework */,
				298F300915CC2648002196EA /* CoreGraphics.framework */,
			);
			name = Frameworks;
			sourceTree = "<group>";
		};
		298F300B15CC2648002196EA /* Catalogue */ = {
			isa = PBXGroup;
			children = (
				298F301415CC2648002196EA /* AppDelegate.h */,
				298F301515CC2648002196EA /* AppDelegate.m */,
				298F301715CC2648002196EA /* MainStoryboard.storyboard */,
				298F301A15CC2648002196EA /* ViewController.h */,
				298F301B15CC2648002196EA /* ViewController.m */,
				298F300C15CC2648002196EA /* Supporting Files */,
			);
			path = Catalogue;
			sourceTree = "<group>";
		};
		298F300C15CC2648002196EA /* Supporting Files */ = {
			isa = PBXGroup;
			children = (
				298F300D15CC2648002196EA /* Catalogue-Info.plist */,
				298F300E15CC2648002196EA /* InfoPlist.strings */,
				298F301115CC2648002196EA /* main.m */,
				298F301315CC2648002196EA /* Catalogue-Prefix.pch */,
			);
			name = "Supporting Files";
			sourceTree = "<group>";
		};
/* End PBXGroup section */

/* Begin PBXNativeTarget section */
		298F300015CC2648002196EA /* Catalogue */ = {
			isa = PBXNativeTarget;
			buildConfigurationList = 298F301F15CC2648002196EA /* Build configuration list for PBXNativeTarget "Catalogue" */;
			buildPhases = (
				298F2FFD15CC2648002196EA /* Sources */,
				298F2FFE15CC2648002196EA /* Frameworks */,
				298F2FFF15CC2648002196EA /* Resources */,
			);
			buildRules = (
			);
			dependencies = (
			);
			name = Catalogue;
			productName = Catalogue;
			productReference = 298F300115CC2648002196EA /* Catalogue.app */;
			productType = "com.apple.product-type.application";
		};
/* End PBXNativeTarget section */

/* Begin PBXProject section */
		298F2FF815CC2648002196EA /* Project object */ = {
			isa = PBXProject;
			attributes = {
				LastUpgradeCheck = 0440;
				ORGANIZATIONNAME = "Phillip Reed";
			};
			buildConfigurationList = 298F2FFB15CC2648002196EA /* Build configuration list for PBXProject "Catalogue" */;
			compatibilityVersion = "Xcode 3.2";
			developmentRegion = English;
			hasScannedForEncodings = 0;
			knownRegions = (
				en,
			);
			mainGroup = 298F2FF615CC2648002196EA;
			productRefGroup = 298F300215CC2648002196EA /* Products */;
			projectDirPath = "";
			projectRoot = "";
			targets = (
				298F300015CC2648002196EA /* Catalogue */,
			);
		};
/* End PBXProject section */

/* Begin PBXResourcesBuildPhase section */
		298F2FFF15CC2648002196EA /* Resources */ = {
			isa = PBXResourcesBuildPhase;
			buildActionMask = 2147483647;
			files = (
				298F301015CC2648002196EA /* InfoPlist.strings in Resources */,
				298F301915CC2648002196EA /* MainStoryboard.storyboard in Resources */,
			);
			runOnlyForDeploymentPostprocessing = 0;
		};
/* End PBXResourcesBuildPhase section */

/* Begin PBXSourcesBuildPhase section */
		298F2FFD15CC2648002196EA /* Sources */ = {
			isa = PBXSourcesBuildPhase;
			buildActionMask = 2147483647;
			files = (
				298F301215CC2648002196EA /* main.m in Sources */,
				298F301615CC2648002196EA /* AppDelegate.m in Sources */,
				298F301C15CC2648002196EA /* ViewController.m in Sources */,
			);
			runOnlyForDeploymentPostprocessing = 0;
		};
/* End PBXSourcesBuildPhase section */

/* Begin PBXVariantGroup section */
		298F300E15CC2648002196EA /* InfoPlist.strings */ = {
			isa = PBXVariantGroup;
			children = (
				298F300F15CC2648002196EA /* en */,
			);
			name = InfoPlist.strings;
			sourceTree = "<group>";
		};
		298F301715CC2648002196EA /* MainStoryboard.storyboard */ = {
			isa = PBXVariantGroup;
			children = (
				298F301815CC2648002196EA /* en */,
			);
			name = MainStoryboard.storyboard;
			sourceTree = "<group>";
		};
/* End PBXVariantGroup section */

/* Begin XCBuildConfiguration section */
		298F301D15CC2648002196EA /* Debug */ = {
			isa = XCBuildConfiguration;
			buildSettings = {
				ALWAYS_SEARCH_USER_PATHS = NO;
				ARCHS = "$(ARCHS_STANDARD_32_BIT)";
				CLANG_CXX_LANGUAGE_STANDARD = "gnu++0x";
				CLANG_ENABLE_OBJC_ARC = YES;
				CLANG_WARN__DUPLICATE_METHOD_MATCH = YES;
				"CODE_SIGN_IDENTITY[sdk=iphoneos*]" = "iPhone Developer";
				COPY_PHASE_STRIP = NO;
				GCC_C_LANGUAGE_STANDARD = gnu99;
				GCC_DYNAMIC_NO_PIC = NO;
				GCC_OPTIMIZATION_LEVEL = 0;
				GCC_PREPROCESSOR_DEFINITIONS = (
					"DEBUG=1",
					"$(inherited)",
				);
				GCC_SYMBOLS_PRIVATE_EXTERN = NO;
				GCC_VERSION = com.apple.compilers.llvm.clang.1_0;
				GCC_WARN_ABOUT_RETURN_TYPE = YES;
				GCC_WARN_UNINITIALIZED_AUTOS = YES;
				GCC_WARN_UNUSED_VARIABLE = YES;
				IPHONEOS_DEPLOYMENT_TARGET = 5.1;
				SDKROOT = iphoneos;
			};
			name = Debug;
		};
		298F301E15CC2648002196EA /* Release */ = {
			isa = XCBuildConfiguration;
			buildSettings = {
				ALWAYS_SEARCH_USER_PATHS = NO;
				ARCHS = "$(ARCHS_STANDARD_32_BIT)";
				CLANG_CXX_LANGUAGE_STANDARD = "gnu++0x";
				CLANG_ENABLE_OBJC_ARC = YES;
				CLANG_WARN__DUPLICATE_METHOD_MATCH = YES;
				"CODE_SIGN_IDENTITY[sdk=iphoneos*]" = "iPhone Developer";
				COPY_PHASE_STRIP = YES;
				GCC_C_LANGUAGE_STANDARD = gnu99;
				GCC_VERSION = com.apple.compilers.llvm.clang.1_0;
				GCC_WARN_ABOUT_RETURN_TYPE = YES;
				GCC_WARN_UNINITIALIZED_AUTOS = YES;
				GCC_WARN_UNUSED_VARIABLE = YES;
				IPHONEOS_DEPLOYMENT_TARGET = 5.1;
				OTHER_CFLAGS = "-DNS_BLOCK_ASSERTIONS=1";
				SDKROOT = iphoneos;
				VALIDATE_PRODUCT = YES;
			};
			name = Release;
		};
		298F302015CC2648002196EA /* Debug */ = {
			isa = XCBuildConfiguration;
			buildSettings = {
				GCC_PRECOMPILE_PREFIX_HEADER = YES;
				GCC_PREFIX_HEADER = "Catalogue/Catalogue-Prefix.pch";
				INFOPLIST_FILE = "Catalogue/Catalogue-Info.plist";
				PRODUCT_NAME = "$(TARGET_NAME)";
				WRAPPER_EXTENSION = app;
			};
			name = Debug;
		};
		298F302115CC2648002196EA /* Release */ = {
			isa = XCBuildConfiguration;
			buildSettings = {
				GCC_PRECOMPILE_PREFIX_HEADER = YES;
				GCC_PREFIX_HEADER = "Catalogue/Catalogue-Prefix.pch";
				INFOPLIST_FILE = "Catalogue/Catalogue-Info.plist";
				PRODUCT_NAME = "$(TARGET_NAME)";
				WRAPPER_EXTENSION = app;
			};
			name = Release;
		};
/* End XCBuildConfiguration section */

/* Begin XCConfigurationList section */
		298F2FFB15CC2648002196EA /* Build configuration list for PBXProject "Catalogue" */ = {
			isa = XCConfigurationList;
			buildConfigurations = (
				298F301D15CC2648002196EA /* Debug */,
				298F301E15CC2648002196EA /* Release */,
			);
			defaultConfigurationIsVisible = 0;
			defaultConfigurationName = Release;
		};
		298F301F15CC2648002196EA /* Build configuration list for PBXNativeTarget "Catalogue" */ = {
			isa = XCConfigurationList;
			buildConfigurations = (
				298F302015CC2648002196EA /* Debug */,
				298F302115CC2648002196EA /* Release */,
			);
			defaultConfigurationIsVisible = 0;
		};
/* End XCConfigurationList section */
	};
	rootObject = 298F2FF815CC2648002196EA /* Project object */;
}
